
Microsoft Visual Studio Solution File, Format Version 12.00
# Visual Studio 15
VisualStudioVersion = 15.0.28010.0
MinimumVisualStudioVersion = 10.0.40219.1
Project("{FAE04EC0-301F-11D3-BF4B-00C04F79EFBC}") = "TicketSysteem", "TicketSysteem\TicketSysteem.csproj", "{864DC47F-9543-42B7-96B8-8D9E757BEDD8}"
EndProject
Global
	GlobalSection(SolutionConfigurationPlatforms) = preSolution
		Debug|Any CPU = Debug|Any CPU
		Release|Any CPU = Release|Any CPU
	EndGlobalSection
	GlobalSection(ProjectConfigurationPlatforms) = postSolution
		{864DC47F-9543-42B7-96B8-8D9E757BEDD8}.Debug|Any CPU.ActiveCfg = Debug|Any CPU
		{864DC47F-9543-42B7-96B8-8D9E757BEDD8}.Debug|Any CPU.Build.0 = Debug|Any CPU
		{864DC47F-9543-42B7-96B8-8D9E757BEDD8}.Release|Any CPU.ActiveCfg = Release|Any CPU
		{864DC47F-9543-42B7-96B8-8D9E757BEDD8}.Release|Any CPU.Build.0 = Release|Any CPU
	EndGlobalSection
	GlobalSection(SolutionProperties) = preSolution
		HideSolutionNode = FALSE
	EndGlobalSection
	GlobalSection(ExtensibilityGlobals) = postSolution
		SolutionGuid = {E8A79595-894C-4D81-AD71-E990FC3AB0CD}
	EndGlobalSection
EndGlobal
